
Microsoft Visual Studio Solution File, Format Version 12.00
# Visual Studio Version 17
VisualStudioVersion = 17.9.34728.123
MinimumVisualStudioVersion = 10.0.40219.1
Project("{FAE04EC0-301F-11D3-BF4B-00C04F79EFBC}") = "WebApplicationRedis", "WebApplicationRedis.csproj", "{5255405C-43B6-442B-940A-1FE6F4BEDCAD}"
EndProject
Global
	GlobalSection(SolutionConfigurationPlatforms) = preSolution
		Debug|Any CPU = Debug|Any CPU
		Release|Any CPU = Release|Any CPU
	EndGlobalSection
	GlobalSection(ProjectConfigurationPlatforms) = postSolution
		{5255405C-43B6-442B-940A-1FE6F4BEDCAD}.Debug|Any CPU.ActiveCfg = Debug|Any CPU
		{5255405C-43B6-442B-940A-1FE6F4BEDCAD}.Debug|Any CPU.Build.0 = Debug|Any CPU
		{5255405C-43B6-442B-940A-1FE6F4BEDCAD}.Release|Any CPU.ActiveCfg = Release|Any CPU
		{5255405C-43B6-442B-940A-1FE6F4BEDCAD}.Release|Any CPU.Build.0 = Release|Any CPU
	EndGlobalSection
	GlobalSection(SolutionProperties) = preSolution
		HideSolutionNode = FALSE
	EndGlobalSection
	GlobalSection(ExtensibilityGlobals) = postSolution
		SolutionGuid = {22C4B18D-2FAB-4E07-BEB7-41B77EAB4077}
	EndGlobalSection
EndGlobal
